
Microsoft Visual Studio Solution File, Format Version 12.00
# Visual Studio Version 17
VisualStudioVersion = 17.14.36623.8
MinimumVisualStudioVersion = 10.0.40219.1
Project("{FAE04EC0-301F-11D3-BF4B-00C04F79EFBC}") = "RentalCar", "RentalCar.csproj", "{FBFF0C5C-7E7A-4E89-9A2A-5755380C0A3A}"
EndProject
Global
	GlobalSection(SolutionConfigurationPlatforms) = preSolution
		Debug|Any CPU = Debug|Any CPU
		Release|Any CPU = Release|Any CPU
	EndGlobalSection
	GlobalSection(ProjectConfigurationPlatforms) = postSolution
		{FBFF0C5C-7E7A-4E89-9A2A-5755380C0A3A}.Debug|Any CPU.ActiveCfg = Debug|Any CPU
		{FBFF0C5C-7E7A-4E89-9A2A-5755380C0A3A}.Debug|Any CPU.Build.0 = Debug|Any CPU
		{FBFF0C5C-7E7A-4E89-9A2A-5755380C0A3A}.Release|Any CPU.ActiveCfg = Release|Any CPU
		{FBFF0C5C-7E7A-4E89-9A2A-5755380C0A3A}.Release|Any CPU.Build.0 = Release|Any CPU
	EndGlobalSection
	GlobalSection(SolutionProperties) = preSolution
		HideSolutionNode = FALSE
	EndGlobalSection
	GlobalSection(ExtensibilityGlobals) = postSolution
		SolutionGuid = {7AC06B37-9516-495B-A3BF-551F43858F54}
	EndGlobalSection
EndGlobal
